
Microsoft Visual Studio Solution File, Format Version 12.00
# Visual Studio Version 17
VisualStudioVersion = 17.11.35312.102
MinimumVisualStudioVersion = 10.0.40219.1
Project("{9A19103F-16F7-4668-BE54-9A1E7A4F7556}") = "Service", "Service.csproj", "{0FD56066-6C0E-4EAD-9144-853E1421E225}"
EndProject
Global
	GlobalSection(SolutionConfigurationPlatforms) = preSolution
		Debug|Any CPU = Debug|Any CPU
		Release|Any CPU = Release|Any CPU
	EndGlobalSection
	GlobalSection(ProjectConfigurationPlatforms) = postSolution
		{0FD56066-6C0E-4EAD-9144-853E1421E225}.Debug|Any CPU.ActiveCfg = Debug|Any CPU
		{0FD56066-6C0E-4EAD-9144-853E1421E225}.Debug|Any CPU.Build.0 = Debug|Any CPU
		{0FD56066-6C0E-4EAD-9144-853E1421E225}.Release|Any CPU.ActiveCfg = Release|Any CPU
		{0FD56066-6C0E-4EAD-9144-853E1421E225}.Release|Any CPU.Build.0 = Release|Any CPU
	EndGlobalSection
	GlobalSection(SolutionProperties) = preSolution
		HideSolutionNode = FALSE
	EndGlobalSection
	GlobalSection(ExtensibilityGlobals) = postSolution
		SolutionGuid = {69451F51-0178-4F1B-9FC9-29317EF7EE8B}
	EndGlobalSection
EndGlobal
